hash: 8bf341d9f666d7dc138a093870484b1d4212baf59d33d72083a6eda44612dd73
updated: 2017-07-12T15:17:54.505951435-07:00
imports:
- name: github.com/apache/thrift
  version: b2a4d4ae21c789b689dd162deb819665567f481c
  subpackages:
  - lib/go/thrift
- name: github.com/cactus/go-statsd-client
  version: ad551ee7f9f3465fb1ce1695899c612f7808a06a
  subpackages:
  - statsd
- name: github.com/davecgh/go-spew
  version: adab96458c51a58dc1783b3335dcce5461522e75
  subpackages:
  - spew
- name: github.com/gorilla/websocket
  version: 3ab3a8b8831546bd18fd182c20687ca853b2bb13
- name: github.com/opentracing/opentracing-go
  version: 1949ddbfd147afd4d964a9f00b24eb291e0e7c38
  subpackages:
  - ext
  - log
- name: github.com/pborman/uuid
  version: a97ce2ca70fa5a848076093f05e639a89ca34d06
- name: github.com/pmezard/go-difflib
  version: 792786c7400a136282c1664665ae0a8db921c6c2
  subpackages:
  - difflib
- name: github.com/sirupsen/logrus
  version: ba1b36c82c5e05c4f912a88eab0dcd91a171688f
- name: github.com/stretchr/objx
  version: 1a9d0bb9f541897e62256577b352fdbc1fb4fd94
- name: github.com/stretchr/testify
  version: f6abca593680b2315d2075e0f5e2a9751e3f431a
  subpackages:
  - assert
  - mock
  - require
  - suite
- name: github.com/uber-common/bark
  version: a2ce12437502dbd1511a6ab87745ed01ba138dbb
- name: github.com/uber-go/atomic
  version: 0506d69f5564c56e25797bf7183c28921d4c6360
- name: github.com/uber/cherami-thrift
  version: ff1036378813f6390b305bfe68eb18530315498d
  subpackages:
  - .generated/go/cherami
- name: github.com/uber/tchannel-go
  version: b99c1d7cecb0fdc882bed0098e7cae6ec7459059
  subpackages:
  - hyperbahn
  - hyperbahn/gen-go/hyperbahn
  - internal/argreader
  - json
  - relay
  - thrift
  - thrift/gen-go/meta
  - tnet
  - tos
  - trand
  - typed
- name: golang.org/x/net
  version: f01ecb60fe3835d80d9a0b7b2bf24b228c89260e
  subpackages:
  - bpf
  - context
  - internal/iana
  - internal/socket
  - ipv4
  - ipv6
- name: golang.org/x/sys
  version: d4feaf1a7e61e1d9e79e6c4e76c6349e9cab0a03
  subpackages:
  - unix
testImports: []
