hash: 4131117be2feccbdbabf6e07e00ab56ed3830c77daf4c6dd3c74fc1c5b7477ec
updated: 2017-08-10T14:19:42.847352127-07:00
imports:
- name: github.com/apache/thrift
  version: b2a4d4ae21c789b689dd162deb819665567f481c
  subpackages:
  - lib/go/thrift
- name: github.com/cactus/go-statsd-client
  version: 1139cdac1a56e404b5382e3a3503a2c587d2c0c3
  subpackages:
  - statsd
- name: github.com/davecgh/go-spew
  version: adab96458c51a58dc1783b3335dcce5461522e75
  subpackages:
  - spew
- name: github.com/gorilla/websocket
  version: 3ab3a8b8831546bd18fd182c20687ca853b2bb13
- name: github.com/opentracing/opentracing-go
  version: eaaf4e1eeb7a5373b38e70901270c83577dc6fb9
  subpackages:
  - ext
  - log
- name: github.com/pborman/uuid
  version: e790cca94e6cc75c7064b1332e63811d4aae1a53
- name: github.com/pmezard/go-difflib
  version: 792786c7400a136282c1664665ae0a8db921c6c2
  subpackages:
  - difflib
- name: github.com/sirupsen/logrus
  version: 85b1699d505667d13f8ac4478c1debbf85d6c5de
- name: github.com/stretchr/objx
  version: 1a9d0bb9f541897e62256577b352fdbc1fb4fd94
- name: github.com/stretchr/testify
  version: 05e8a0eda380579888eb53c394909df027f06991
  subpackages:
  - assert
  - mock
  - require
  - suite
- name: github.com/uber-common/bark
  version: a2ce12437502dbd1511a6ab87745ed01ba138dbb
- name: github.com/uber-go/atomic
  version: 0506d69f5564c56e25797bf7183c28921d4c6360
- name: github.com/uber/cherami-thrift
  version: 2cb0e2eeb6570800a2dd86544909bf2693f50e7b
  subpackages:
  - .generated/go/cherami
- name: github.com/uber/tchannel-go
  version: b99c1d7cecb0fdc882bed0098e7cae6ec7459059
  subpackages:
  - hyperbahn
  - hyperbahn/gen-go/hyperbahn
  - internal/argreader
  - json
  - relay
  - thrift
  - thrift/gen-go/meta
  - tnet
  - tos
  - trand
  - typed
- name: golang.org/x/net
  version: f5079bd7f6f74e23c4d65efa0f4ce14cbd6a3c0f
  subpackages:
  - bpf
  - context
  - internal/iana
  - internal/socket
  - ipv4
  - ipv6
- name: golang.org/x/sys
  version: 0b25a408a50076fbbcae6b7ac0ea5fbb0b085e79
  subpackages:
  - unix
testImports: []
